PODS:
  - MBProgressHUD (1.1.0)
  - YSBaseAlert (0.1.0):
    - MBProgressHUD

DEPENDENCIES:
  - YSBaseAlert (from `../`)

SPEC REPOS:
  https://github.com/cocoapods/specs.git:
    - MBProgressHUD

EXTERNAL SOURCES:
  YSBaseAlert:
    :path: "../"

SPEC CHECKSUMS:
  MBProgressHUD: e7baa36a220447d8aeb12769bf0585582f3866d9
  YSBaseAlert: c4ca8daa749b3299cb1c9104a193e8befac5b957

PODFILE CHECKSUM: c73120c22c272766d94b412a2812d6d2f9762d7e

COCOAPODS: 1.7.5
